PODS:
  - Realm (10.1.3):
    - Realm/Headers (= 10.1.3)
  - Realm/Headers (10.1.3)
  - RealmSwift (10.1.3):
    - Realm (= 10.1.3)
  - SwiftLint (0.40.3)

DEPENDENCIES:
  - Realm (= 10.1.3)
  - RealmSwift (= 10.1.3)
  - SwiftLint

SPEC REPOS:
  trunk:
    - Realm
    - RealmSwift
    - SwiftLint

SPEC CHECKSUMS:
  Realm: 072f4060c99150cb1d35e35ce1dd4dda7d9ddfed
  RealmSwift: 96f96feafee63186789419235d14857dae9004ae
  SwiftLint: dfd554ff0dff17288ee574814ccdd5cea85d76f7

PODFILE CHECKSUM: 2b923dd54ccb902d4d2e99f1a14b8470b1fd3ebd

COCOAPODS: 1.10.0
